
Microsoft Visual Studio Solution File, Format Version 12.00
# Visual Studio Version 17
VisualStudioVersion = 17.2.32630.192
MinimumVisualStudioVersion = 10.0.40219.1
Project("{FAE04EC0-301F-11D3-BF4B-00C04F79EFBC}") = "LabelAddAndDelete", "LabelAddAndDelete\LabelAddAndDelete.csproj", "{43367348-8074-4106-A926-90C4208807F0}"
EndProject
Project("{FAE04EC0-301F-11D3-BF4B-00C04F79EFBC}") = "RunningLabel", "RunningLabel\RunningLabel.csproj", "{61581A30-19A3-40EA-B18A-5248B940B717}"
EndProject
Project("{FAE04EC0-301F-11D3-BF4B-00C04F79EFBC}") = "BakuAndLondon", "BakuAndLondon\BakuAndLondon.csproj", "{4A63113A-0736-4A2E-85AE-4C4DC5E5ECF8}"
EndProject
Global
	GlobalSection(SolutionConfigurationPlatforms) = preSolution
		Debug|Any CPU = Debug|Any CPU
		Release|Any CPU = Release|Any CPU
	EndGlobalSection
	GlobalSection(ProjectConfigurationPlatforms) = postSolution
		{43367348-8074-4106-A926-90C4208807F0}.Debug|Any CPU.ActiveCfg = Debug|Any CPU
		{43367348-8074-4106-A926-90C4208807F0}.Debug|Any CPU.Build.0 = Debug|Any CPU
		{43367348-8074-4106-A926-90C4208807F0}.Release|Any CPU.ActiveCfg = Release|Any CPU
		{43367348-8074-4106-A926-90C4208807F0}.Release|Any CPU.Build.0 = Release|Any CPU
		{61581A30-19A3-40EA-B18A-5248B940B717}.Debug|Any CPU.ActiveCfg = Debug|Any CPU
		{61581A30-19A3-40EA-B18A-5248B940B717}.Debug|Any CPU.Build.0 = Debug|Any CPU
		{61581A30-19A3-40EA-B18A-5248B940B717}.Release|Any CPU.ActiveCfg = Release|Any CPU
		{61581A30-19A3-40EA-B18A-5248B940B717}.Release|Any CPU.Build.0 = Release|Any CPU
		{4A63113A-0736-4A2E-85AE-4C4DC5E5ECF8}.Debug|Any CPU.ActiveCfg = Debug|Any CPU
		{4A63113A-0736-4A2E-85AE-4C4DC5E5ECF8}.Debug|Any CPU.Build.0 = Debug|Any CPU
		{4A63113A-0736-4A2E-85AE-4C4DC5E5ECF8}.Release|Any CPU.ActiveCfg = Release|Any CPU
		{4A63113A-0736-4A2E-85AE-4C4DC5E5ECF8}.Release|Any CPU.Build.0 = Release|Any CPU
	EndGlobalSection
	GlobalSection(SolutionProperties) = preSolution
		HideSolutionNode = FALSE
	EndGlobalSection
	GlobalSection(ExtensibilityGlobals) = postSolution
		SolutionGuid = {2D0CFBA4-AB32-4E49-ABB6-5693CF2B3138}
	EndGlobalSection
EndGlobal
